
Microsoft Visual Studio Solution File, Format Version 12.00
# Visual Studio 15
VisualStudioVersion = 15.0.27703.2047
MinimumVisualStudioVersion = 10.0.40219.1
Project("{FAE04EC0-301F-11D3-BF4B-00C04F79EFBC}") = "RestServiceHost", "RestServiceHost\RestServiceHost.csproj", "{2DADB65B-127F-4C35-AE52-A88FA232A395}"
EndProject
Project("{FAE04EC0-301F-11D3-BF4B-00C04F79EFBC}") = "RestService", "RestService\RestService.csproj", "{46BB322A-E77B-4D3B-B4E6-342043982F5C}"
EndProject
Project("{FAE04EC0-301F-11D3-BF4B-00C04F79EFBC}") = "ClientTester", "RestServiceClient\ClientTester.csproj", "{169C9EE0-E3A1-469B-9B2D-7F0B25C925C5}"
EndProject
Global
	GlobalSection(SolutionConfigurationPlatforms) = preSolution
		Debug|Any CPU = Debug|Any CPU
		Release|Any CPU = Release|Any CPU
	EndGlobalSection
	GlobalSection(ProjectConfigurationPlatforms) = postSolution
		{2DADB65B-127F-4C35-AE52-A88FA232A395}.Debug|Any CPU.ActiveCfg = Debug|Any CPU
		{2DADB65B-127F-4C35-AE52-A88FA232A395}.Debug|Any CPU.Build.0 = Debug|Any CPU
		{2DADB65B-127F-4C35-AE52-A88FA232A395}.Release|Any CPU.ActiveCfg = Release|Any CPU
		{2DADB65B-127F-4C35-AE52-A88FA232A395}.Release|Any CPU.Build.0 = Release|Any CPU
		{46BB322A-E77B-4D3B-B4E6-342043982F5C}.Debug|Any CPU.ActiveCfg = Debug|Any CPU
		{46BB322A-E77B-4D3B-B4E6-342043982F5C}.Debug|Any CPU.Build.0 = Debug|Any CPU
		{46BB322A-E77B-4D3B-B4E6-342043982F5C}.Release|Any CPU.ActiveCfg = Release|Any CPU
		{46BB322A-E77B-4D3B-B4E6-342043982F5C}.Release|Any CPU.Build.0 = Release|Any CPU
		{169C9EE0-E3A1-469B-9B2D-7F0B25C925C5}.Debug|Any CPU.ActiveCfg = Debug|Any CPU
		{169C9EE0-E3A1-469B-9B2D-7F0B25C925C5}.Debug|Any CPU.Build.0 = Debug|Any CPU
		{169C9EE0-E3A1-469B-9B2D-7F0B25C925C5}.Release|Any CPU.ActiveCfg = Release|Any CPU
		{169C9EE0-E3A1-469B-9B2D-7F0B25C925C5}.Release|Any CPU.Build.0 = Release|Any CPU
	EndGlobalSection
	GlobalSection(SolutionProperties) = preSolution
		HideSolutionNode = FALSE
	EndGlobalSection
	GlobalSection(ExtensibilityGlobals) = postSolution
		SolutionGuid = {2B4B3283-E564-4077-992A-5080C650ECF5}
	EndGlobalSection
EndGlobal
